
Microsoft Visual Studio Solution File, Format Version 12.00
# Visual Studio Version 17
VisualStudioVersion = 17.6.33829.357
MinimumVisualStudioVersion = 10.0.40219.1
Project("{2150E333-8FDC-42A3-9474-1A3956D46DE8}") = "src", "src", "{7BB8C3E3-59F6-468B-BEC9-F853BF5F59D6}"
EndProject
Project("{FAE04EC0-301F-11D3-BF4B-00C04F79EFBC}") = "Cryptography.App", "src\Cryptography.App\Cryptography.App.csproj", "{BB1DA06E-5EAD-457A-B478-ADF049B1E979}"
EndProject
Global
	GlobalSection(SolutionConfigurationPlatforms) = preSolution
		Debug|Any CPU = Debug|Any CPU
		Release|Any CPU = Release|Any CPU
	EndGlobalSection
	GlobalSection(ProjectConfigurationPlatforms) = postSolution
		{BB1DA06E-5EAD-457A-B478-ADF049B1E979}.Debug|Any CPU.ActiveCfg = Debug|Any CPU
		{BB1DA06E-5EAD-457A-B478-ADF049B1E979}.Debug|Any CPU.Build.0 = Debug|Any CPU
		{BB1DA06E-5EAD-457A-B478-ADF049B1E979}.Release|Any CPU.ActiveCfg = Release|Any CPU
		{BB1DA06E-5EAD-457A-B478-ADF049B1E979}.Release|Any CPU.Build.0 = Release|Any CPU
	EndGlobalSection
	GlobalSection(SolutionProperties) = preSolution
		HideSolutionNode = FALSE
	EndGlobalSection
	GlobalSection(NestedProjects) = preSolution
		{BB1DA06E-5EAD-457A-B478-ADF049B1E979} = {7BB8C3E3-59F6-468B-BEC9-F853BF5F59D6}
	EndGlobalSection
	GlobalSection(ExtensibilityGlobals) = postSolution
		SolutionGuid = {F2186D93-BE27-4373-9690-0EE085451F9B}
	EndGlobalSection
EndGlobal
